
Microsoft Visual Studio Solution File, Format Version 12.00
# Visual Studio Version 16
VisualStudioVersion = 16.0.28922.388
MinimumVisualStudioVersion = 10.0.40219.1
Project("{9A19103F-16F7-4668-BE54-9A1E7A4F7556}") = "SentimentAnalysis", "SentimentAnalysis.csproj", "{463A31AA-BE98-42DA-B1F8-35080F76E0BE}"
EndProject
Project("{9A19103F-16F7-4668-BE54-9A1E7A4F7556}") = "SentimentAnalysisML.Model", "SentimentAnalysisML.Model\SentimentAnalysisML.Model.csproj", "{7A5811C0-887A-412A-B7E8-10C8BF712C6A}"
EndProject
Global
	GlobalSection(SolutionConfigurationPlatforms) = preSolution
		Debug|Any CPU = Debug|Any CPU
		Release|Any CPU = Release|Any CPU
	EndGlobalSection
	GlobalSection(ProjectConfigurationPlatforms) = postSolution
		{463A31AA-BE98-42DA-B1F8-35080F76E0BE}.Debug|Any CPU.ActiveCfg = Debug|Any CPU
		{463A31AA-BE98-42DA-B1F8-35080F76E0BE}.Debug|Any CPU.Build.0 = Debug|Any CPU
		{463A31AA-BE98-42DA-B1F8-35080F76E0BE}.Release|Any CPU.ActiveCfg = Release|Any CPU
		{463A31AA-BE98-42DA-B1F8-35080F76E0BE}.Release|Any CPU.Build.0 = Release|Any CPU
		{7A5811C0-887A-412A-B7E8-10C8BF712C6A}.Debug|Any CPU.ActiveCfg = Debug|Any CPU
		{7A5811C0-887A-412A-B7E8-10C8BF712C6A}.Debug|Any CPU.Build.0 = Debug|Any CPU
		{7A5811C0-887A-412A-B7E8-10C8BF712C6A}.Release|Any CPU.ActiveCfg = Release|Any CPU
		{7A5811C0-887A-412A-B7E8-10C8BF712C6A}.Release|Any CPU.Build.0 = Release|Any CPU
	EndGlobalSection
	GlobalSection(SolutionProperties) = preSolution
		HideSolutionNode = FALSE
	EndGlobalSection
	GlobalSection(ExtensibilityGlobals) = postSolution
		SolutionGuid = {4E22465B-D435-4EF0-81F5-9DBA31B6D847}
	EndGlobalSection
EndGlobal
